
Microsoft Visual Studio Solution File, Format Version 12.00
# Visual Studio Version 17
VisualStudioVersion = 17.10.34928.147
MinimumVisualStudioVersion = 10.0.40219.1
Project("{2150E333-8FDC-42A3-9474-1A3956D46DE8}") = "Services", "Services", "{59AC14C9-1DE0-490F-A6FB-00CE3CC61259}"
EndProject
Project("{2150E333-8FDC-42A3-9474-1A3956D46DE8}") = "BuildingBlocks", "BuildingBlocks", "{63B55FD6-552C-4E7E-9F11-8728CD1475DA}"
EndProject
Project("{9A19103F-16F7-4668-BE54-9A1E7A4F7556}") = "BuildingBlocks", "src\BuildingBlocks\BuildingBlocks\BuildingBlocks.csproj", "{00A2D9EA-996A-4953-8B58-6EAC6282067B}"
EndProject
Project("{9A19103F-16F7-4668-BE54-9A1E7A4F7556}") = "BuildingBlocks.Messaging", "src\BuildingBlocks\BuildingBlocks.Messaging\BuildingBlocks.Messaging.csproj", "{21D5834F-31EB-4C4B-BF17-D3B9E94F00FB}"
EndProject
Project("{2150E333-8FDC-42A3-9474-1A3956D46DE8}") = "Identity", "Identity", "{99C384BF-BA60-4397-86AE-07E66CEF0B91}"
EndProject
Project("{9A19103F-16F7-4668-BE54-9A1E7A4F7556}") = "Identity.Application", "src\Services\Identity\Identity.Application\Identity.Application.csproj", "{42B61BF6-E950-4E82-AF1E-F199F49FCAFF}"
EndProject
Project("{9A19103F-16F7-4668-BE54-9A1E7A4F7556}") = "Identity.Domain", "src\Services\Identity\Identity.Domain\Identity.Domain.csproj", "{E7D7C5E2-C95F-4880-A2FB-1BB874480206}"
EndProject
Project("{9A19103F-16F7-4668-BE54-9A1E7A4F7556}") = "Identity.Infrastructure", "src\Services\Identity\Identity.Infrastructure\Identity.Infrastructure.csproj", "{481A9465-6E34-4A15-9FF6-E818B651DA30}"
EndProject
Project("{9A19103F-16F7-4668-BE54-9A1E7A4F7556}") = "Identity.API", "src\Services\Identity\Identity.API\Identity.API.csproj", "{1F316605-B568-426C-9992-4240C65DCAC0}"
EndProject
Project("{2150E333-8FDC-42A3-9474-1A3956D46DE8}") = "Coach", "Coach", "{E6C5683E-A5B4-4103-83A3-DB5B314E1CD1}"
EndProject
Project("{9A19103F-16F7-4668-BE54-9A1E7A4F7556}") = "Coach.API", "src\Services\Coach\Coach.API\Coach.API.csproj", "{15569B27-9476-4B31-AA5B-8733701AD9F1}"
EndProject
Project("{2150E333-8FDC-42A3-9474-1A3956D46DE8}") = "CourtBooking", "CourtBooking", "{C1712DE4-1855-44FA-819C-37CE953D2B97}"
EndProject
Project("{9A19103F-16F7-4668-BE54-9A1E7A4F7556}") = "CourtBooking.Domain", "src\Services\CourtBooking\CourtBooking.Domain\CourtBooking.Domain.csproj", "{452412B6-5600-44CE-8935-D136BB22189D}"
EndProject
Project("{9A19103F-16F7-4668-BE54-9A1E7A4F7556}") = "CourtBooking.Infrastructure", "src\Services\CourtBooking\CourtBooking.Infrastructure\CourtBooking.Infrastructure.csproj", "{D1A4C58C-03EA-4C31-AE07-E218BC4B9184}"
EndProject
Project("{9A19103F-16F7-4668-BE54-9A1E7A4F7556}") = "CourtBooking.Application", "src\Services\CourtBooking\CourtBooking.Application\CourtBooking.Application.csproj", "{ABDBEC56-8A11-4070-B064-C7E022F19541}"
EndProject
Project("{9A19103F-16F7-4668-BE54-9A1E7A4F7556}") = "CourtBooking.API", "src\Services\CourtBooking\CourtBooking.API\CourtBooking.API.csproj", "{16D4CB6B-3D55-4C9D-AEE0-4569F40EF828}"
EndProject
Project("{2150E333-8FDC-42A3-9474-1A3956D46DE8}") = "Matching", "Matching", "{6E32CE86-E67B-4120-A0FB-F67A6EEFAE62}"
EndProject
Project("{9A19103F-16F7-4668-BE54-9A1E7A4F7556}") = "Matching.API", "src\Services\Matching\Matching.API\Matching.API.csproj", "{A307EB50-F668-4465-836C-E7C60A0E4E81}"
EndProject
Project("{2150E333-8FDC-42A3-9474-1A3956D46DE8}") = "Chat", "Chat", "{E9DFD506-7502-4EA9-80E9-5C448FA82F83}"
EndProject
Project("{9A19103F-16F7-4668-BE54-9A1E7A4F7556}") = "Chat.API", "src\Services\Chat\Chat.API\Chat.API.csproj", "{B7FD75A4-5AF4-496D-8AF1-70017CADD13F}"
EndProject
Project("{2150E333-8FDC-42A3-9474-1A3956D46DE8}") = "Review", "Review", "{4D6BAC02-CA58-4194-A4C7-5E09DF6807A9}"
EndProject
Project("{9A19103F-16F7-4668-BE54-9A1E7A4F7556}") = "Reviews.API", "src\Services\Review\Review.API\Reviews.API.csproj", "{6AD55612-B696-4507-A056-5A403C063933}"
EndProject
Project("{2150E333-8FDC-42A3-9474-1A3956D46DE8}") = "Payment", "Payment", "{C6C6D223-2F10-414D-85AF-E782E4F0FD76}"
EndProject
Project("{9A19103F-16F7-4668-BE54-9A1E7A4F7556}") = "Payment.API", "src\Services\Payment\Payment.API.csproj", "{FE9A417F-EAA1-4189-8052-185EDE247A09}"
EndProject
Project("{9A19103F-16F7-4668-BE54-9A1E7A4F7556}") = "Identity.Test", "src\Services\Identity\Identity.Test\Identity.Test.csproj", "{DA47C936-5DC5-4785-AF95-F67D477D6D33}"
EndProject
Project("{2150E333-8FDC-42A3-9474-1A3956D46DE8}") = "Notification", "Notification", "{7CB8F904-8EC8-4F8A-A88F-2E737F68FD8A}"
EndProject
Project("{9A19103F-16F7-4668-BE54-9A1E7A4F7556}") = "Notification.API", "src\Services\Notification\Notification.API\Notification.API.csproj", "{68EE75E6-3DBB-40FF-84B6-7AC2BDF3A438}"
EndProject
Project("{2150E333-8FDC-42A3-9474-1A3956D46DE8}") = "Gateway", "Gateway", "{011AD313-F4E3-42B5-90C1-64DBA77DEC06}"
EndProject
Project("{9A19103F-16F7-4668-BE54-9A1E7A4F7556}") = "ApiGateway", "src\Gateway\ApiGateway\ApiGateway.csproj", "{064858EB-A8E2-4E26-9947-DD071654E0E9}"
EndProject
Project("{FAE04EC0-301F-11D3-BF4B-00C04F79EFBC}") = "Notification.Test", "src\Services\Notification\Notification.Test\Notification.Test.csproj", "{C3998E9B-9A23-40C3-81B8-18ABD85F3079}"
EndProject
Global
	GlobalSection(SolutionConfigurationPlatforms) = preSolution
		Debug|Any CPU = Debug|Any CPU
		Release|Any CPU = Release|Any CPU
	EndGlobalSection
	GlobalSection(ProjectConfigurationPlatforms) = postSolution
		{00A2D9EA-996A-4953-8B58-6EAC6282067B}.Debug|Any CPU.ActiveCfg = Debug|Any CPU
		{00A2D9EA-996A-4953-8B58-6EAC6282067B}.Debug|Any CPU.Build.0 = Debug|Any CPU
		{00A2D9EA-996A-4953-8B58-6EAC6282067B}.Release|Any CPU.ActiveCfg = Release|Any CPU
		{00A2D9EA-996A-4953-8B58-6EAC6282067B}.Release|Any CPU.Build.0 = Release|Any CPU
		{21D5834F-31EB-4C4B-BF17-D3B9E94F00FB}.Debug|Any CPU.ActiveCfg = Debug|Any CPU
		{21D5834F-31EB-4C4B-BF17-D3B9E94F00FB}.Debug|Any CPU.Build.0 = Debug|Any CPU
		{21D5834F-31EB-4C4B-BF17-D3B9E94F00FB}.Release|Any CPU.ActiveCfg = Release|Any CPU
		{21D5834F-31EB-4C4B-BF17-D3B9E94F00FB}.Release|Any CPU.Build.0 = Release|Any CPU
		{42B61BF6-E950-4E82-AF1E-F199F49FCAFF}.Debug|Any CPU.ActiveCfg = Debug|Any CPU
		{42B61BF6-E950-4E82-AF1E-F199F49FCAFF}.Debug|Any CPU.Build.0 = Debug|Any CPU
		{42B61BF6-E950-4E82-AF1E-F199F49FCAFF}.Release|Any CPU.ActiveCfg = Release|Any CPU
		{42B61BF6-E950-4E82-AF1E-F199F49FCAFF}.Release|Any CPU.Build.0 = Release|Any CPU
		{E7D7C5E2-C95F-4880-A2FB-1BB874480206}.Debug|Any CPU.ActiveCfg = Debug|Any CPU
		{E7D7C5E2-C95F-4880-A2FB-1BB874480206}.Debug|Any CPU.Build.0 = Debug|Any CPU
		{E7D7C5E2-C95F-4880-A2FB-1BB874480206}.Release|Any CPU.ActiveCfg = Release|Any CPU
		{E7D7C5E2-C95F-4880-A2FB-1BB874480206}.Release|Any CPU.Build.0 = Release|Any CPU
		{481A9465-6E34-4A15-9FF6-E818B651DA30}.Debug|Any CPU.ActiveCfg = Debug|Any CPU
		{481A9465-6E34-4A15-9FF6-E818B651DA30}.Debug|Any CPU.Build.0 = Debug|Any CPU
		{481A9465-6E34-4A15-9FF6-E818B651DA30}.Release|Any CPU.ActiveCfg = Release|Any CPU
		{481A9465-6E34-4A15-9FF6-E818B651DA30}.Release|Any CPU.Build.0 = Release|Any CPU
		{1F316605-B568-426C-9992-4240C65DCAC0}.Debug|Any CPU.ActiveCfg = Debug|Any CPU
		{1F316605-B568-426C-9992-4240C65DCAC0}.Debug|Any CPU.Build.0 = Debug|Any CPU
		{1F316605-B568-426C-9992-4240C65DCAC0}.Release|Any CPU.ActiveCfg = Release|Any CPU
		{1F316605-B568-426C-9992-4240C65DCAC0}.Release|Any CPU.Build.0 = Release|Any CPU
		{15569B27-9476-4B31-AA5B-8733701AD9F1}.Debug|Any CPU.ActiveCfg = Debug|Any CPU
		{15569B27-9476-4B31-AA5B-8733701AD9F1}.Debug|Any CPU.Build.0 = Debug|Any CPU
		{15569B27-9476-4B31-AA5B-8733701AD9F1}.Release|Any CPU.ActiveCfg = Release|Any CPU
		{15569B27-9476-4B31-AA5B-8733701AD9F1}.Release|Any CPU.Build.0 = Release|Any CPU
		{452412B6-5600-44CE-8935-D136BB22189D}.Debug|Any CPU.ActiveCfg = Debug|Any CPU
		{452412B6-5600-44CE-8935-D136BB22189D}.Debug|Any CPU.Build.0 = Debug|Any CPU
		{452412B6-5600-44CE-8935-D136BB22189D}.Release|Any CPU.ActiveCfg = Release|Any CPU
		{452412B6-5600-44CE-8935-D136BB22189D}.Release|Any CPU.Build.0 = Release|Any CPU
		{D1A4C58C-03EA-4C31-AE07-E218BC4B9184}.Debug|Any CPU.ActiveCfg = Debug|Any CPU
		{D1A4C58C-03EA-4C31-AE07-E218BC4B9184}.Debug|Any CPU.Build.0 = Debug|Any CPU
		{D1A4C58C-03EA-4C31-AE07-E218BC4B9184}.Release|Any CPU.ActiveCfg = Release|Any CPU
		{D1A4C58C-03EA-4C31-AE07-E218BC4B9184}.Release|Any CPU.Build.0 = Release|Any CPU
		{ABDBEC56-8A11-4070-B064-C7E022F19541}.Debug|Any CPU.ActiveCfg = Debug|Any CPU
		{ABDBEC56-8A11-4070-B064-C7E022F19541}.Debug|Any CPU.Build.0 = Debug|Any CPU
		{ABDBEC56-8A11-4070-B064-C7E022F19541}.Release|Any CPU.ActiveCfg = Release|Any CPU
		{ABDBEC56-8A11-4070-B064-C7E022F19541}.Release|Any CPU.Build.0 = Release|Any CPU
		{16D4CB6B-3D55-4C9D-AEE0-4569F40EF828}.Debug|Any CPU.ActiveCfg = Debug|Any CPU
		{16D4CB6B-3D55-4C9D-AEE0-4569F40EF828}.Debug|Any CPU.Build.0 = Debug|Any CPU
		{16D4CB6B-3D55-4C9D-AEE0-4569F40EF828}.Release|Any CPU.ActiveCfg = Release|Any CPU
		{16D4CB6B-3D55-4C9D-AEE0-4569F40EF828}.Release|Any CPU.Build.0 = Release|Any CPU
		{A307EB50-F668-4465-836C-E7C60A0E4E81}.Debug|Any CPU.ActiveCfg = Debug|Any CPU
		{A307EB50-F668-4465-836C-E7C60A0E4E81}.Debug|Any CPU.Build.0 = Debug|Any CPU
		{A307EB50-F668-4465-836C-E7C60A0E4E81}.Release|Any CPU.ActiveCfg = Release|Any CPU
		{A307EB50-F668-4465-836C-E7C60A0E4E81}.Release|Any CPU.Build.0 = Release|Any CPU
		{B7FD75A4-5AF4-496D-8AF1-70017CADD13F}.Debug|Any CPU.ActiveCfg = Debug|Any CPU
		{B7FD75A4-5AF4-496D-8AF1-70017CADD13F}.Debug|Any CPU.Build.0 = Debug|Any CPU
		{B7FD75A4-5AF4-496D-8AF1-70017CADD13F}.Release|Any CPU.ActiveCfg = Release|Any CPU
		{B7FD75A4-5AF4-496D-8AF1-70017CADD13F}.Release|Any CPU.Build.0 = Release|Any CPU
		{6AD55612-B696-4507-A056-5A403C063933}.Debug|Any CPU.ActiveCfg = Debug|Any CPU
		{6AD55612-B696-4507-A056-5A403C063933}.Debug|Any CPU.Build.0 = Debug|Any CPU
		{6AD55612-B696-4507-A056-5A403C063933}.Release|Any CPU.ActiveCfg = Release|Any CPU
		{6AD55612-B696-4507-A056-5A403C063933}.Release|Any CPU.Build.0 = Release|Any CPU
		{FE9A417F-EAA1-4189-8052-185EDE247A09}.Debug|Any CPU.ActiveCfg = Debug|Any CPU
		{FE9A417F-EAA1-4189-8052-185EDE247A09}.Debug|Any CPU.Build.0 = Debug|Any CPU
		{FE9A417F-EAA1-4189-8052-185EDE247A09}.Release|Any CPU.ActiveCfg = Release|Any CPU
		{FE9A417F-EAA1-4189-8052-185EDE247A09}.Release|Any CPU.Build.0 = Release|Any CPU
		{DA47C936-5DC5-4785-AF95-F67D477D6D33}.Debug|Any CPU.ActiveCfg = Debug|Any CPU
		{DA47C936-5DC5-4785-AF95-F67D477D6D33}.Debug|Any CPU.Build.0 = Debug|Any CPU
		{DA47C936-5DC5-4785-AF95-F67D477D6D33}.Release|Any CPU.ActiveCfg = Release|Any CPU
		{DA47C936-5DC5-4785-AF95-F67D477D6D33}.Release|Any CPU.Build.0 = Release|Any CPU
		{68EE75E6-3DBB-40FF-84B6-7AC2BDF3A438}.Debug|Any CPU.ActiveCfg = Debug|Any CPU
		{68EE75E6-3DBB-40FF-84B6-7AC2BDF3A438}.Debug|Any CPU.Build.0 = Debug|Any CPU
		{68EE75E6-3DBB-40FF-84B6-7AC2BDF3A438}.Release|Any CPU.ActiveCfg = Release|Any CPU
		{68EE75E6-3DBB-40FF-84B6-7AC2BDF3A438}.Release|Any CPU.Build.0 = Release|Any CPU
		{064858EB-A8E2-4E26-9947-DD071654E0E9}.Debug|Any CPU.ActiveCfg = Debug|Any CPU
		{064858EB-A8E2-4E26-9947-DD071654E0E9}.Debug|Any CPU.Build.0 = Debug|Any CPU
		{064858EB-A8E2-4E26-9947-DD071654E0E9}.Release|Any CPU.ActiveCfg = Release|Any CPU
		{064858EB-A8E2-4E26-9947-DD071654E0E9}.Release|Any CPU.Build.0 = Release|Any CPU
		{C3998E9B-9A23-40C3-81B8-18ABD85F3079}.Debug|Any CPU.ActiveCfg = Debug|Any CPU
		{C3998E9B-9A23-40C3-81B8-18ABD85F3079}.Debug|Any CPU.Build.0 = Debug|Any CPU
		{C3998E9B-9A23-40C3-81B8-18ABD85F3079}.Release|Any CPU.ActiveCfg = Release|Any CPU
		{C3998E9B-9A23-40C3-81B8-18ABD85F3079}.Release|Any CPU.Build.0 = Release|Any CPU
	EndGlobalSection
	GlobalSection(SolutionProperties) = preSolution
		HideSolutionNode = FALSE
	EndGlobalSection
	GlobalSection(NestedProjects) = preSolution
		{00A2D9EA-996A-4953-8B58-6EAC6282067B} = {63B55FD6-552C-4E7E-9F11-8728CD1475DA}
		{21D5834F-31EB-4C4B-BF17-D3B9E94F00FB} = {63B55FD6-552C-4E7E-9F11-8728CD1475DA}
		{99C384BF-BA60-4397-86AE-07E66CEF0B91} = {59AC14C9-1DE0-490F-A6FB-00CE3CC61259}
		{42B61BF6-E950-4E82-AF1E-F199F49FCAFF} = {99C384BF-BA60-4397-86AE-07E66CEF0B91}
		{E7D7C5E2-C95F-4880-A2FB-1BB874480206} = {99C384BF-BA60-4397-86AE-07E66CEF0B91}
		{481A9465-6E34-4A15-9FF6-E818B651DA30} = {99C384BF-BA60-4397-86AE-07E66CEF0B91}
		{1F316605-B568-426C-9992-4240C65DCAC0} = {99C384BF-BA60-4397-86AE-07E66CEF0B91}
		{E6C5683E-A5B4-4103-83A3-DB5B314E1CD1} = {59AC14C9-1DE0-490F-A6FB-00CE3CC61259}
		{15569B27-9476-4B31-AA5B-8733701AD9F1} = {E6C5683E-A5B4-4103-83A3-DB5B314E1CD1}
		{C1712DE4-1855-44FA-819C-37CE953D2B97} = {59AC14C9-1DE0-490F-A6FB-00CE3CC61259}
		{452412B6-5600-44CE-8935-D136BB22189D} = {C1712DE4-1855-44FA-819C-37CE953D2B97}
		{D1A4C58C-03EA-4C31-AE07-E218BC4B9184} = {C1712DE4-1855-44FA-819C-37CE953D2B97}
		{ABDBEC56-8A11-4070-B064-C7E022F19541} = {C1712DE4-1855-44FA-819C-37CE953D2B97}
		{16D4CB6B-3D55-4C9D-AEE0-4569F40EF828} = {C1712DE4-1855-44FA-819C-37CE953D2B97}
		{6E32CE86-E67B-4120-A0FB-F67A6EEFAE62} = {59AC14C9-1DE0-490F-A6FB-00CE3CC61259}
		{A307EB50-F668-4465-836C-E7C60A0E4E81} = {6E32CE86-E67B-4120-A0FB-F67A6EEFAE62}
		{E9DFD506-7502-4EA9-80E9-5C448FA82F83} = {59AC14C9-1DE0-490F-A6FB-00CE3CC61259}
		{B7FD75A4-5AF4-496D-8AF1-70017CADD13F} = {E9DFD506-7502-4EA9-80E9-5C448FA82F83}
		{4D6BAC02-CA58-4194-A4C7-5E09DF6807A9} = {59AC14C9-1DE0-490F-A6FB-00CE3CC61259}
		{6AD55612-B696-4507-A056-5A403C063933} = {4D6BAC02-CA58-4194-A4C7-5E09DF6807A9}
		{C6C6D223-2F10-414D-85AF-E782E4F0FD76} = {59AC14C9-1DE0-490F-A6FB-00CE3CC61259}
		{FE9A417F-EAA1-4189-8052-185EDE247A09} = {C6C6D223-2F10-414D-85AF-E782E4F0FD76}
		{DA47C936-5DC5-4785-AF95-F67D477D6D33} = {99C384BF-BA60-4397-86AE-07E66CEF0B91}
		{7CB8F904-8EC8-4F8A-A88F-2E737F68FD8A} = {59AC14C9-1DE0-490F-A6FB-00CE3CC61259}
		{68EE75E6-3DBB-40FF-84B6-7AC2BDF3A438} = {7CB8F904-8EC8-4F8A-A88F-2E737F68FD8A}
		{064858EB-A8E2-4E26-9947-DD071654E0E9} = {011AD313-F4E3-42B5-90C1-64DBA77DEC06}
		{C3998E9B-9A23-40C3-81B8-18ABD85F3079} = {7CB8F904-8EC8-4F8A-A88F-2E737F68FD8A}
	EndGlobalSection
	GlobalSection(ExtensibilityGlobals) = postSolution
		SolutionGuid = {363B2ED5-A7C1-4AD2-ADAC-10379327F2BA}
	EndGlobalSection
EndGlobal
